
Microsoft Visual Studio Solution File, Format Version 12.00
# Visual Studio Version 17
VisualStudioVersion = 17.6.33723.286
MinimumVisualStudioVersion = 10.0.40219.1
Project("{FAE04EC0-301F-11D3-BF4B-00C04F79EFBC}") = "singleton", "singleton.csproj", "{9CA9FF78-C828-4E59-A47F-2901979D5151}"
EndProject
Global
	GlobalSection(SolutionConfigurationPlatforms) = preSolution
		Debug|Any CPU = Debug|Any CPU
		Release|Any CPU = Release|Any CPU
	EndGlobalSection
	GlobalSection(ProjectConfigurationPlatforms) = postSolution
		{9CA9FF78-C828-4E59-A47F-2901979D5151}.Debug|Any CPU.ActiveCfg = Debug|Any CPU
		{9CA9FF78-C828-4E59-A47F-2901979D5151}.Debug|Any CPU.Build.0 = Debug|Any CPU
		{9CA9FF78-C828-4E59-A47F-2901979D5151}.Release|Any CPU.ActiveCfg = Release|Any CPU
		{9CA9FF78-C828-4E59-A47F-2901979D5151}.Release|Any CPU.Build.0 = Release|Any CPU
	EndGlobalSection
	GlobalSection(SolutionProperties) = preSolution
		HideSolutionNode = FALSE
	EndGlobalSection
	GlobalSection(ExtensibilityGlobals) = postSolution
		SolutionGuid = {70D59720-C3CC-4ED7-A9E1-9D9FB1505CE8}
	EndGlobalSection
EndGlobal
